
Microsoft Visual Studio Solution File, Format Version 12.00
# Visual Studio Version 17
VisualStudioVersion = 17.8.34322.80
MinimumVisualStudioVersion = 10.0.40219.1
Project("{2150E333-8FDC-42A3-9474-1A3956D46DE8}") = "src", "src", "{06374408-BFD0-4C37-9079-FCB62B58BC5F}"
EndProject
Project("{2150E333-8FDC-42A3-9474-1A3956D46DE8}") = "Services", "Services", "{5FA93622-2434-4075-8740-CCCFB52CBC13}"
EndProject
Project("{2150E333-8FDC-42A3-9474-1A3956D46DE8}") = "Catalog", "Catalog", "{EC32DFD0-13B8-459C-A3B7-E82A129AAFF0}"
EndProject
Project("{9A19103F-16F7-4668-BE54-9A1E7A4F7556}") = "Catalog.API", "src\Services\Catalog.API\Catalog.API.csproj", "{A2741199-F115-4993-96D4-48540BFF9ACF}"
EndProject
Project("{9A19103F-16F7-4668-BE54-9A1E7A4F7556}") = "BuildingBlocks", "src\BuildingBlocks\BuildingBlocks.csproj", "{5397CF98-71BB-4AE1-B6AD-BFA0461B16DF}"
EndProject
Project("{2150E333-8FDC-42A3-9474-1A3956D46DE8}") = "Product", "Product", "{3FB4FEE3-32D0-44BC-99CB-CD78E442A178}"
EndProject
Project("{9A19103F-16F7-4668-BE54-9A1E7A4F7556}") = "Common", "sc\Common\Common.csproj", "{D1EC0C3D-5D3A-4D1D-8784-13EC3B8FE47C}"
EndProject
Project("{9A19103F-16F7-4668-BE54-9A1E7A4F7556}") = "Product.Infrastructure", "src\Services\Product\Data\Product.Infrastructure.csproj", "{F8A75B5B-D5E8-4392-976C-324E741A2A0F}"
EndProject
Project("{9A19103F-16F7-4668-BE54-9A1E7A4F7556}") = "Product.Entities", "src\Services\Product\Entities\Product.Entities.csproj", "{D8FF4F0D-C325-4D60-BA69-933ABF145883}"
EndProject
Project("{9A19103F-16F7-4668-BE54-9A1E7A4F7556}") = "Product.API", "src\Services\Product\MyApi\Product.API.csproj", "{EF94A91E-96E4-4655-9981-7586B186B370}"
EndProject
Project("{9A19103F-16F7-4668-BE54-9A1E7A4F7556}") = "Product.Services", "src\Services\Product\Services\Product.Services.csproj", "{DB9DCD81-E287-4BC2-B3F7-8E4A151CF047}"
EndProject
Project("{9A19103F-16F7-4668-BE54-9A1E7A4F7556}") = "Product.WebFramework", "src\Services\Product\WebFramework\Product.WebFramework.csproj", "{B40D699B-AF1E-4D51-94F6-05E7932E9691}"
EndProject
Global
	GlobalSection(SolutionConfigurationPlatforms) = preSolution
		Debug|Any CPU = Debug|Any CPU
		Release|Any CPU = Release|Any CPU
	EndGlobalSection
	GlobalSection(ProjectConfigurationPlatforms) = postSolution
		{A2741199-F115-4993-96D4-48540BFF9ACF}.Debug|Any CPU.ActiveCfg = Debug|Any CPU
		{A2741199-F115-4993-96D4-48540BFF9ACF}.Debug|Any CPU.Build.0 = Debug|Any CPU
		{A2741199-F115-4993-96D4-48540BFF9ACF}.Release|Any CPU.ActiveCfg = Release|Any CPU
		{A2741199-F115-4993-96D4-48540BFF9ACF}.Release|Any CPU.Build.0 = Release|Any CPU
		{5397CF98-71BB-4AE1-B6AD-BFA0461B16DF}.Debug|Any CPU.ActiveCfg = Debug|Any CPU
		{5397CF98-71BB-4AE1-B6AD-BFA0461B16DF}.Debug|Any CPU.Build.0 = Debug|Any CPU
		{5397CF98-71BB-4AE1-B6AD-BFA0461B16DF}.Release|Any CPU.ActiveCfg = Release|Any CPU
		{5397CF98-71BB-4AE1-B6AD-BFA0461B16DF}.Release|Any CPU.Build.0 = Release|Any CPU
		{D1EC0C3D-5D3A-4D1D-8784-13EC3B8FE47C}.Debug|Any CPU.ActiveCfg = Debug|Any CPU
		{D1EC0C3D-5D3A-4D1D-8784-13EC3B8FE47C}.Debug|Any CPU.Build.0 = Debug|Any CPU
		{D1EC0C3D-5D3A-4D1D-8784-13EC3B8FE47C}.Release|Any CPU.ActiveCfg = Release|Any CPU
		{D1EC0C3D-5D3A-4D1D-8784-13EC3B8FE47C}.Release|Any CPU.Build.0 = Release|Any CPU
		{F8A75B5B-D5E8-4392-976C-324E741A2A0F}.Debug|Any CPU.ActiveCfg = Debug|Any CPU
		{F8A75B5B-D5E8-4392-976C-324E741A2A0F}.Debug|Any CPU.Build.0 = Debug|Any CPU
		{F8A75B5B-D5E8-4392-976C-324E741A2A0F}.Release|Any CPU.ActiveCfg = Release|Any CPU
		{F8A75B5B-D5E8-4392-976C-324E741A2A0F}.Release|Any CPU.Build.0 = Release|Any CPU
		{D8FF4F0D-C325-4D60-BA69-933ABF145883}.Debug|Any CPU.ActiveCfg = Debug|Any CPU
		{D8FF4F0D-C325-4D60-BA69-933ABF145883}.Debug|Any CPU.Build.0 = Debug|Any CPU
		{D8FF4F0D-C325-4D60-BA69-933ABF145883}.Release|Any CPU.ActiveCfg = Release|Any CPU
		{D8FF4F0D-C325-4D60-BA69-933ABF145883}.Release|Any CPU.Build.0 = Release|Any CPU
		{EF94A91E-96E4-4655-9981-7586B186B370}.Debug|Any CPU.ActiveCfg = Debug|Any CPU
		{EF94A91E-96E4-4655-9981-7586B186B370}.Debug|Any CPU.Build.0 = Debug|Any CPU
		{EF94A91E-96E4-4655-9981-7586B186B370}.Release|Any CPU.ActiveCfg = Release|Any CPU
		{EF94A91E-96E4-4655-9981-7586B186B370}.Release|Any CPU.Build.0 = Release|Any CPU
		{DB9DCD81-E287-4BC2-B3F7-8E4A151CF047}.Debug|Any CPU.ActiveCfg = Debug|Any CPU
		{DB9DCD81-E287-4BC2-B3F7-8E4A151CF047}.Debug|Any CPU.Build.0 = Debug|Any CPU
		{DB9DCD81-E287-4BC2-B3F7-8E4A151CF047}.Release|Any CPU.ActiveCfg = Release|Any CPU
		{DB9DCD81-E287-4BC2-B3F7-8E4A151CF047}.Release|Any CPU.Build.0 = Release|Any CPU
		{B40D699B-AF1E-4D51-94F6-05E7932E9691}.Debug|Any CPU.ActiveCfg = Debug|Any CPU
		{B40D699B-AF1E-4D51-94F6-05E7932E9691}.Debug|Any CPU.Build.0 = Debug|Any CPU
		{B40D699B-AF1E-4D51-94F6-05E7932E9691}.Release|Any CPU.ActiveCfg = Release|Any CPU
		{B40D699B-AF1E-4D51-94F6-05E7932E9691}.Release|Any CPU.Build.0 = Release|Any CPU
	EndGlobalSection
	GlobalSection(SolutionProperties) = preSolution
		HideSolutionNode = FALSE
	EndGlobalSection
	GlobalSection(NestedProjects) = preSolution
		{5FA93622-2434-4075-8740-CCCFB52CBC13} = {06374408-BFD0-4C37-9079-FCB62B58BC5F}
		{EC32DFD0-13B8-459C-A3B7-E82A129AAFF0} = {5FA93622-2434-4075-8740-CCCFB52CBC13}
		{A2741199-F115-4993-96D4-48540BFF9ACF} = {EC32DFD0-13B8-459C-A3B7-E82A129AAFF0}
		{5397CF98-71BB-4AE1-B6AD-BFA0461B16DF} = {06374408-BFD0-4C37-9079-FCB62B58BC5F}
		{3FB4FEE3-32D0-44BC-99CB-CD78E442A178} = {5FA93622-2434-4075-8740-CCCFB52CBC13}
		{D1EC0C3D-5D3A-4D1D-8784-13EC3B8FE47C} = {06374408-BFD0-4C37-9079-FCB62B58BC5F}
		{F8A75B5B-D5E8-4392-976C-324E741A2A0F} = {3FB4FEE3-32D0-44BC-99CB-CD78E442A178}
		{D8FF4F0D-C325-4D60-BA69-933ABF145883} = {3FB4FEE3-32D0-44BC-99CB-CD78E442A178}
		{EF94A91E-96E4-4655-9981-7586B186B370} = {3FB4FEE3-32D0-44BC-99CB-CD78E442A178}
		{DB9DCD81-E287-4BC2-B3F7-8E4A151CF047} = {3FB4FEE3-32D0-44BC-99CB-CD78E442A178}
		{B40D699B-AF1E-4D51-94F6-05E7932E9691} = {3FB4FEE3-32D0-44BC-99CB-CD78E442A178}
	EndGlobalSection
	GlobalSection(ExtensibilityGlobals) = postSolution
		SolutionGuid = {2C7EC331-6942-4D8C-8A1F-876E75787D7B}
	EndGlobalSection
EndGlobal
